
Microsoft Visual Studio Solution File, Format Version 12.00
# Visual Studio Version 16
VisualStudioVersion = 16.0.30517.126
MinimumVisualStudioVersion = 10.0.40219.1
Project("{FAE04EC0-301F-11D3-BF4B-00C04F79EFBC}") = "Nexus Mods Update Check", "Nexus Mods Update Check\Nexus Mods Update Check.csproj", "{55F0BF3C-C5E8-4837-AD44-E7B27F896F45}"
EndProject
Global
	GlobalSection(SolutionConfigurationPlatforms) = preSolution
		Debug|Any CPU = Debug|Any CPU
		Release|Any CPU = Release|Any CPU
	EndGlobalSection
	GlobalSection(ProjectConfigurationPlatforms) = postSolution
		{55F0BF3C-C5E8-4837-AD44-E7B27F896F45}.Debug|Any CPU.ActiveCfg = Debug|Any CPU
		{55F0BF3C-C5E8-4837-AD44-E7B27F896F45}.Debug|Any CPU.Build.0 = Debug|Any CPU
		{55F0BF3C-C5E8-4837-AD44-E7B27F896F45}.Release|Any CPU.ActiveCfg = Release|Any CPU
		{55F0BF3C-C5E8-4837-AD44-E7B27F896F45}.Release|Any CPU.Build.0 = Release|Any CPU
	EndGlobalSection
	GlobalSection(SolutionProperties) = preSolution
		HideSolutionNode = FALSE
	EndGlobalSection
	GlobalSection(ExtensibilityGlobals) = postSolution
		SolutionGuid = {12C4A27D-243A-4C39-95C6-94D5520D9022}
	EndGlobalSection
EndGlobal
